
Microsoft Visual Studio Solution File, Format Version 12.00
# Visual Studio Version 17
VisualStudioVersion = 17.13.35828.75 d17.13
MinimumVisualStudioVersion = 10.0.40219.1
Project("{FAE04EC0-301F-11D3-BF4B-00C04F79EFBC}") = "BookstoreProject.API", "BookstoreProject.API.csproj", "{514E9B12-F121-53AA-446B-1EF22FF45A6C}"
EndProject
Global
	GlobalSection(SolutionConfigurationPlatforms) = preSolution
		Debug|Any CPU = Debug|Any CPU
		Release|Any CPU = Release|Any CPU
	EndGlobalSection
	GlobalSection(ProjectConfigurationPlatforms) = postSolution
		{514E9B12-F121-53AA-446B-1EF22FF45A6C}.Debug|Any CPU.ActiveCfg = Debug|Any CPU
		{514E9B12-F121-53AA-446B-1EF22FF45A6C}.Debug|Any CPU.Build.0 = Debug|Any CPU
		{514E9B12-F121-53AA-446B-1EF22FF45A6C}.Release|Any CPU.ActiveCfg = Release|Any CPU
		{514E9B12-F121-53AA-446B-1EF22FF45A6C}.Release|Any CPU.Build.0 = Release|Any CPU
	EndGlobalSection
	GlobalSection(SolutionProperties) = preSolution
		HideSolutionNode = FALSE
	EndGlobalSection
	GlobalSection(ExtensibilityGlobals) = postSolution
		SolutionGuid = {48FF11CB-88A9-4C72-97E1-A42952AE3E04}
	EndGlobalSection
EndGlobal
